# THIS IS AN AUTOGENERATED FILE. DO NOT EDIT THIS FILE DIRECTLY.
# yarn lockfile v1


"@node-redis/bloom@1.0.1":
  version "1.0.1"
  resolved "https://registry.yarnpkg.com/@node-redis/bloom/-/bloom-1.0.1.tgz#144474a0b7dc4a4b91badea2cfa9538ce0a1854e"
  integrity sha512-mXEBvEIgF4tUzdIN89LiYsbi6//EdpFA7L8M+DHCvePXg+bfHWi+ct5VI6nHUFQE5+ohm/9wmgihCH3HSkeKsw==

"@node-redis/client@1.0.5":
  version "1.0.5"
  resolved "https://registry.yarnpkg.com/@node-redis/client/-/client-1.0.5.tgz#ebac5e2bbf12214042a37621604973a954ede755"
  integrity sha512-ESZ3bd1f+od62h4MaBLKum+klVJfA4wAeLHcVQBkoXa1l0viFesOWnakLQqKg+UyrlJhZmXJWtu0Y9v7iTMrig==
  dependencies:
    cluster-key-slot "1.1.0"
    generic-pool "3.8.2"
    redis-parser "3.0.0"
    yallist "4.0.0"

"@node-redis/graph@1.0.0":
  version "1.0.0"
  resolved "https://registry.yarnpkg.com/@node-redis/graph/-/graph-1.0.0.tgz#baf8eaac4a400f86ea04d65ec3d65715fd7951ab"
  integrity sha512-mRSo8jEGC0cf+Rm7q8mWMKKKqkn6EAnA9IA2S3JvUv/gaWW/73vil7GLNwion2ihTptAm05I9LkepzfIXUKX5g==

"@node-redis/json@1.0.2":
  version "1.0.2"
  resolved "https://registry.yarnpkg.com/@node-redis/json/-/json-1.0.2.tgz#8ad2d0f026698dc1a4238cc3d1eb099a3bee5ab8"
  integrity sha512-qVRgn8WfG46QQ08CghSbY4VhHFgaTY71WjpwRBGEuqGPfWwfRcIf3OqSpR7Q/45X+v3xd8mvYjywqh0wqJ8T+g==

"@node-redis/search@1.0.5":
  version "1.0.5"
  resolved "https://registry.yarnpkg.com/@node-redis/search/-/search-1.0.5.tgz#96050007eb7c50a7e47080320b4f12aca8cf94c4"
  integrity sha512-MCOL8iCKq4v+3HgEQv8zGlSkZyXSXtERgrAJ4TSryIG/eLFy84b57KmNNa/V7M1Q2Wd2hgn2nPCGNcQtk1R1OQ==

"@node-redis/time-series@1.0.2":
  version "1.0.2"
  resolved "https://registry.yarnpkg.com/@node-redis/time-series/-/time-series-1.0.2.tgz#5dd3638374edd85ebe0aa6b0e87addc88fb9df69"
  integrity sha512-HGQ8YooJ8Mx7l28tD7XjtB3ImLEjlUxG1wC1PAjxu6hPJqjPshUZxAICzDqDjtIbhDTf48WXXUcx8TQJB1XTKA==

buffer-equal-constant-time@1.0.1:
  version "1.0.1"
  resolved "https://registry.yarnpkg.com/buffer-equal-constant-time/-/buffer-equal-constant-time-1.0.1.tgz#f8e71132f7ffe6e01a5c9697a4c6f3e48d5cc819"
  integrity sha1-+OcRMvf/5uAaXJaXpMbz5I1cyBk=

cluster-key-slot@1.1.0:
  version "1.1.0"
  resolved "https://registry.yarnpkg.com/cluster-key-slot/-/cluster-key-slot-1.1.0.tgz#30474b2a981fb12172695833052bc0d01336d10d"
  integrity sha512-2Nii8p3RwAPiFwsnZvukotvow2rIHM+yQ6ZcBXGHdniadkYGZYiGmkHJIbZPIV9nfv7m/U1IPMVVcAhoWFeklw==

cookie@^0.4.2:
  version "0.4.2"
  resolved "https://registry.yarnpkg.com/cookie/-/cookie-0.4.2.tgz#0e41f24de5ecf317947c82fc789e06a884824432"
  integrity sha512-aSWTXFzaKWkvHO1Ny/s+ePFpvKsPnjc551iI41v3ny/ow6tBG5Vd+FuqGNhh1LxOmVzOlGUriIlOaokOvhaStA==

ecdsa-sig-formatter@1.0.11:
  version "1.0.11"
  resolved "https://registry.yarnpkg.com/ecdsa-sig-formatter/-/ecdsa-sig-formatter-1.0.11.tgz#ae0f0fa2d85045ef14a817daa3ce9acd0489e5bf"
  integrity sha512-nagl3RYrbNv6kQkeJIpt6NJZy8twLB/2vtz6yN9Z4vRKHN4/QZJIEbqohALSgwKdnksuY3k5Addp5lg8sVoVcQ==
  dependencies:
    safe-buffer "^5.0.1"

generic-pool@3.8.2:
  version "3.8.2"
  resolved "https://registry.yarnpkg.com/generic-pool/-/generic-pool-3.8.2.tgz#aab4f280adb522fdfbdc5e5b64d718d3683f04e9"
  integrity sha512-nGToKy6p3PAbYQ7p1UlWl6vSPwfwU6TMSWK7TTu+WUY4ZjyZQGniGGt2oNVvyNSpyZYSB43zMXVLcBm08MTMkg==

jsonwebtoken@^8.5.1:
  version "8.5.1"
  resolved "https://registry.yarnpkg.com/jsonwebtoken/-/jsonwebtoken-8.5.1.tgz#00e71e0b8df54c2121a1f26137df2280673bcc0d"
  integrity sha512-XjwVfRS6jTMsqYs0EsuJ4LGxXV14zQybNd4L2r0UvbVnSF9Af8x7p5MzbJ90Ioz/9TI41/hTCvznF/loiSzn8w==
  dependencies:
    jws "^3.2.2"
    lodash.includes "^4.3.0"
    lodash.isboolean "^3.0.3"
    lodash.isinteger "^4.0.4"
    lodash.isnumber "^3.0.3"
    lodash.isplainobject "^4.0.6"
    lodash.isstring "^4.0.1"
    lodash.once "^4.0.0"
    ms "^2.1.1"
    semver "^5.6.0"

jwa@^1.4.1:
  version "1.4.1"
  resolved "https://registry.yarnpkg.com/jwa/-/jwa-1.4.1.tgz#743c32985cb9e98655530d53641b66c8645b039a"
  integrity sha512-qiLX/xhEEFKUAJ6FiBMbes3w9ATzyk5W7Hvzpa/SLYdxNtng+gcurvrI7TbACjIXlsJyr05/S1oUhZrc63evQA==
  dependencies:
    buffer-equal-constant-time "1.0.1"
    ecdsa-sig-formatter "1.0.11"
    safe-buffer "^5.0.1"

jws@^3.2.2:
  version "3.2.2"
  resolved "https://registry.yarnpkg.com/jws/-/jws-3.2.2.tgz#001099f3639468c9414000e99995fa52fb478304"
  integrity sha512-YHlZCB6lMTllWDtSPHz/ZXTsi8S00usEV6v1tjq8tOUZzw7DpSDWVXjXDre6ed1w/pd495ODpHZYSdkRTsa0HA==
  dependencies:
    jwa "^1.4.1"
    safe-buffer "^5.0.1"

lodash.includes@^4.3.0:
  version "4.3.0"
  resolved "https://registry.yarnpkg.com/lodash.includes/-/lodash.includes-4.3.0.tgz#60bb98a87cb923c68ca1e51325483314849f553f"
  integrity sha1-YLuYqHy5I8aMoeUTJUgzFISfVT8=

lodash.isboolean@^3.0.3:
  version "3.0.3"
  resolved "https://registry.yarnpkg.com/lodash.isboolean/-/lodash.isboolean-3.0.3.tgz#6c2e171db2a257cd96802fd43b01b20d5f5870f6"
  integrity sha1-bC4XHbKiV82WgC/UOwGyDV9YcPY=

lodash.isinteger@^4.0.4:
  version "4.0.4"
  resolved "https://registry.yarnpkg.com/lodash.isinteger/-/lodash.isinteger-4.0.4.tgz#619c0af3d03f8b04c31f5882840b77b11cd68343"
  integrity sha1-YZwK89A/iwTDH1iChAt3sRzWg0M=

lodash.isnumber@^3.0.3:
  version "3.0.3"
  resolved "https://registry.yarnpkg.com/lodash.isnumber/-/lodash.isnumber-3.0.3.tgz#3ce76810c5928d03352301ac287317f11c0b1ffc"
  integrity sha1-POdoEMWSjQM1IwGsKHMX8RwLH/w=

lodash.isplainobject@^4.0.6:
  version "4.0.6"
  resolved "https://registry.yarnpkg.com/lodash.isplainobject/-/lodash.isplainobject-4.0.6.tgz#7c526a52d89b45c45cc690b88163be0497f550cb"
  integrity sha1-fFJqUtibRcRcxpC4gWO+BJf1UMs=

lodash.isstring@^4.0.1:
  version "4.0.1"
  resolved "https://registry.yarnpkg.com/lodash.isstring/-/lodash.isstring-4.0.1.tgz#d527dfb5456eca7cc9bb95d5daeaf88ba54a5451"
  integrity sha1-1SfftUVuynzJu5XV2ur4i6VKVFE=

lodash.once@^4.0.0:
  version "4.1.1"
  resolved "https://registry.yarnpkg.com/lodash.once/-/lodash.once-4.1.1.tgz#0dd3971213c7c56df880977d504c88fb471a97ac"
  integrity sha1-DdOXEhPHxW34gJd9UEyI+0cal6w=

ms@^2.1.1:
  version "2.1.3"
  resolved "https://registry.yarnpkg.com/ms/-/ms-2.1.3.tgz#574c8138ce1d2b5861f0b44579dbadd60c6615b2"
  integrity sha512-6FlzubTLZG3J2a/NVCAleEhjzq5oxgHyaCU9yYXvcLsvoVaHJq/s5xXI6/XXP6tz7R9xAOtHnSO/tXtF3WRTlA==

redis-errors@^1.0.0:
  version "1.2.0"
  resolved "https://registry.yarnpkg.com/redis-errors/-/redis-errors-1.2.0.tgz#eb62d2adb15e4eaf4610c04afe1529384250abad"
  integrity sha1-62LSrbFeTq9GEMBK/hUpOEJQq60=

redis-parser@3.0.0:
  version "3.0.0"
  resolved "https://registry.yarnpkg.com/redis-parser/-/redis-parser-3.0.0.tgz#b66d828cdcafe6b4b8a428a7def4c6bcac31c8b4"
  integrity sha1-tm2CjNyv5rS4pCin3vTGvKwxyLQ=
  dependencies:
    redis-errors "^1.0.0"

redis@^4.0.6:
  version "4.0.6"
  resolved "https://registry.yarnpkg.com/redis/-/redis-4.0.6.tgz#a2ded4d9f4f4bad148e54781051618fc684cd858"
  integrity sha512-IaPAxgF5dV0jx+A9l6yd6R9/PAChZIoAskDVRzUODeLDNhsMlq7OLLTmu0AwAr0xjrJ1bibW5xdpRwqIQ8Q0Xg==
  dependencies:
    "@node-redis/bloom" "1.0.1"
    "@node-redis/client" "1.0.5"
    "@node-redis/graph" "1.0.0"
    "@node-redis/json" "1.0.2"
    "@node-redis/search" "1.0.5"
    "@node-redis/time-series" "1.0.2"

safe-buffer@^5.0.1:
  version "5.2.1"
  resolved "https://registry.yarnpkg.com/safe-buffer/-/safe-buffer-5.2.1.tgz#1eaf9fa9bdb1fdd4ec75f58f9cdb4e6b7827eec6"
  integrity sha512-rp3So07KcdmmKbGvgaNxQSJr7bGVSVk5S9Eq1F+ppbRo70+YeaDxkw5Dd8NPN+GD6bjnYm2VuPuCXmpuYvmCXQ==

semver@^5.6.0:
  version "5.7.1"
  resolved "https://registry.yarnpkg.com/semver/-/semver-5.7.1.tgz#a954f931aeba508d307bbf069eff0c01c96116f7"
  integrity sha512-sauaDf/PZdVgrLTNYHRtpXa1iRiKcaebiKQ1BJdpQlWH2lCvexQdX55snPFyK7QzpudqbCI0qXFfOasHdyNDGQ==

yallist@4.0.0:
  version "4.0.0"
  resolved "https://registry.yarnpkg.com/yallist/-/yallist-4.0.0.tgz#9bb92790d9c0effec63be73519e11a35019a3a72"
  integrity sha512-3wdGidZyq5PB084XLES5TpOSRA3wjXAlIWMhum2kRcv/41Sn2emQ0dycQW4uZXLejwKvg6EsvbdlVL+FYEct7A==
